
Microsoft Visual Studio Solution File, Format Version 12.00
# Visual Studio 15
VisualStudioVersion = 15.0.28307.539
MinimumVisualStudioVersion = 10.0.40219.1
Project("{FAE04EC0-301F-11D3-BF4B-00C04F79EFBC}") = "saavyTechHelpDesk", "saavyTechHelpDesk\saavyTechHelpDesk.csproj", "{B4F60BE3-7662-4AF5-BE7C-47EE785B9E8A}"
EndProject
Project("{FAE04EC0-301F-11D3-BF4B-00C04F79EFBC}") = "saavyTechWeb", "saavyTechWeb\saavyTechWeb.csproj", "{E61CBB76-1127-49C0-8062-0B404890E9D0}"
EndProject
Global
	GlobalSection(SolutionConfigurationPlatforms) = preSolution
		Debug|Any CPU = Debug|Any CPU
		Release|Any CPU = Release|Any CPU
	EndGlobalSection
	GlobalSection(ProjectConfigurationPlatforms) = postSolution
		{B4F60BE3-7662-4AF5-BE7C-47EE785B9E8A}.Debug|Any CPU.ActiveCfg = Debug|Any CPU
		{B4F60BE3-7662-4AF5-BE7C-47EE785B9E8A}.Debug|Any CPU.Build.0 = Debug|Any CPU
		{B4F60BE3-7662-4AF5-BE7C-47EE785B9E8A}.Release|Any CPU.ActiveCfg = Release|Any CPU
		{B4F60BE3-7662-4AF5-BE7C-47EE785B9E8A}.Release|Any CPU.Build.0 = Release|Any CPU
		{E61CBB76-1127-49C0-8062-0B404890E9D0}.Debug|Any CPU.ActiveCfg = Debug|Any CPU
		{E61CBB76-1127-49C0-8062-0B404890E9D0}.Debug|Any CPU.Build.0 = Debug|Any CPU
		{E61CBB76-1127-49C0-8062-0B404890E9D0}.Release|Any CPU.ActiveCfg = Release|Any CPU
		{E61CBB76-1127-49C0-8062-0B404890E9D0}.Release|Any CPU.Build.0 = Release|Any CPU
	EndGlobalSection
	GlobalSection(SolutionProperties) = preSolution
		HideSolutionNode = FALSE
	EndGlobalSection
	GlobalSection(ExtensibilityGlobals) = postSolution
		SolutionGuid = {F4E16FA9-EEBE-450A-8CE1-CD2C579B0352}
	EndGlobalSection
EndGlobal
